{
  "sources": {
    "7-zip": {
      "locked_version": "1.0.2"
    },
    "build-essential": {
      "locked_version": "2.0.6"
    },
    "pacman": {
      "locked_version": "1.1.1"
    },
    "ark": {
      "locked_version": "0.9.0"
    },
    "chef_handler": {
      "locked_version": "1.1.6"
    },
    "java": {
      "locked_version": "1.27.0"
    },
    "logrotate": {
      "locked_version": "1.6.0"
    },
    "windows": {
      "locked_version": "1.34.2"
    },
    "yum-mysql-community": {
      "locked_version": "0.1.10"
    },
    "yum": {
      "locked_version": "3.2.2"
    }
  }
}
